
Microsoft Visual Studio Solution File, Format Version 12.00
# Visual Studio Version 17
VisualStudioVersion = 17.7.34003.232
MinimumVisualStudioVersion = 10.0.40219.1
Project("{9A19103F-16F7-4668-BE54-9A1E7A4F7556}") = "UserManagement", "UserManagement\UserManagement.csproj", "{05B1AA3C-5FB4-4F7C-9C26-E0BFAFD1FCAB}"
EndProject
Project("{9A19103F-16F7-4668-BE54-9A1E7A4F7556}") = "UserManagement.Repository", "UserManagement.Repository\UserManagement.Repository.csproj", "{C191012E-E8EF-46D3-837A-A99BD6595103}"
EndProject
Project("{9A19103F-16F7-4668-BE54-9A1E7A4F7556}") = "UserManagement.Shared", "UserManagement.Shared\UserManagement.Shared.csproj", "{1D915526-D0AF-4F20-91F7-C3538AD1E709}"
EndProject
Global
	GlobalSection(SolutionConfigurationPlatforms) = preSolution
		Debug|Any CPU = Debug|Any CPU
		Release|Any CPU = Release|Any CPU
	EndGlobalSection
	GlobalSection(ProjectConfigurationPlatforms) = postSolution
		{05B1AA3C-5FB4-4F7C-9C26-E0BFAFD1FCAB}.Debug|Any CPU.ActiveCfg = Debug|Any CPU
		{05B1AA3C-5FB4-4F7C-9C26-E0BFAFD1FCAB}.Debug|Any CPU.Build.0 = Debug|Any CPU
		{05B1AA3C-5FB4-4F7C-9C26-E0BFAFD1FCAB}.Release|Any CPU.ActiveCfg = Release|Any CPU
		{05B1AA3C-5FB4-4F7C-9C26-E0BFAFD1FCAB}.Release|Any CPU.Build.0 = Release|Any CPU
		{C191012E-E8EF-46D3-837A-A99BD6595103}.Debug|Any CPU.ActiveCfg = Debug|Any CPU
		{C191012E-E8EF-46D3-837A-A99BD6595103}.Debug|Any CPU.Build.0 = Debug|Any CPU
		{C191012E-E8EF-46D3-837A-A99BD6595103}.Release|Any CPU.ActiveCfg = Release|Any CPU
		{C191012E-E8EF-46D3-837A-A99BD6595103}.Release|Any CPU.Build.0 = Release|Any CPU
		{1D915526-D0AF-4F20-91F7-C3538AD1E709}.Debug|Any CPU.ActiveCfg = Debug|Any CPU
		{1D915526-D0AF-4F20-91F7-C3538AD1E709}.Debug|Any CPU.Build.0 = Debug|Any CPU
		{1D915526-D0AF-4F20-91F7-C3538AD1E709}.Release|Any CPU.ActiveCfg = Release|Any CPU
		{1D915526-D0AF-4F20-91F7-C3538AD1E709}.Release|Any CPU.Build.0 = Release|Any CPU
	EndGlobalSection
	GlobalSection(SolutionProperties) = preSolution
		HideSolutionNode = FALSE
	EndGlobalSection
	GlobalSection(ExtensibilityGlobals) = postSolution
		SolutionGuid = {6172A4DE-F1A4-45CC-84E9-B838EE3AF1D1}
	EndGlobalSection
EndGlobal
